
Microsoft Visual Studio Solution File, Format Version 12.00
# Visual Studio 15
VisualStudioVersion = 15.0.27703.2000
MinimumVisualStudioVersion = 10.0.40219.1
Project("{FAE04EC0-301F-11D3-BF4B-00C04F79EFBC}") = "Consquisguiaworld", "Consquisguiaworld\Consquisguiaworld.csproj", "{F6ABF759-63B6-410A-9496-E4EBD8C75FCC}"
EndProject
Project("{FAE04EC0-301F-11D3-BF4B-00C04F79EFBC}") = "Consquisguiaworld.Tests", "Consquisguiaworld.Tests\Consquisguiaworld.Tests.csproj", "{E26E1C05-A5F4-42A2-9502-BB5910796E9C}"
EndProject
Global
	GlobalSection(SolutionConfigurationPlatforms) = preSolution
		Debug|Any CPU = Debug|Any CPU
		Release|Any CPU = Release|Any CPU
	EndGlobalSection
	GlobalSection(ProjectConfigurationPlatforms) = postSolution
		{F6ABF759-63B6-410A-9496-E4EBD8C75FCC}.Debug|Any CPU.ActiveCfg = Debug|Any CPU
		{F6ABF759-63B6-410A-9496-E4EBD8C75FCC}.Debug|Any CPU.Build.0 = Debug|Any CPU
		{F6ABF759-63B6-410A-9496-E4EBD8C75FCC}.Release|Any CPU.ActiveCfg = Release|Any CPU
		{F6ABF759-63B6-410A-9496-E4EBD8C75FCC}.Release|Any CPU.Build.0 = Release|Any CPU
		{E26E1C05-A5F4-42A2-9502-BB5910796E9C}.Debug|Any CPU.ActiveCfg = Debug|Any CPU
		{E26E1C05-A5F4-42A2-9502-BB5910796E9C}.Debug|Any CPU.Build.0 = Debug|Any CPU
		{E26E1C05-A5F4-42A2-9502-BB5910796E9C}.Release|Any CPU.ActiveCfg = Release|Any CPU
		{E26E1C05-A5F4-42A2-9502-BB5910796E9C}.Release|Any CPU.Build.0 = Release|Any CPU
	EndGlobalSection
	GlobalSection(SolutionProperties) = preSolution
		HideSolutionNode = FALSE
	EndGlobalSection
	GlobalSection(ExtensibilityGlobals) = postSolution
		SolutionGuid = {78A98878-F4BF-421C-89B6-D60899EA2E38}
	EndGlobalSection
EndGlobal
